// !$*UTF8*$!
{
	archiveVersion = 1;
	classes = {
	};
	objectVersion = 55;
	objects = {

/* Begin PBXBuildFile section */
		514F3C6628C6B9E9007FAFE2 /* AppDelegate.m in Sources */ = {isa = PBXBuildFile; fileRef = 514F3C6528C6B9E9007FAFE2 /* AppDelegate.m */; };
		514F3C6928C6B9E9007FAFE2 /* SceneDelegate.m in Sources */ = {isa = PBXBuildFile; fileRef = 514F3C6828C6B9E9007FAFE2 /* SceneDelegate.m */; };
		514F3C6C28C6B9E9007FAFE2 /* ViewController.m in Sources */ = {isa = PBXBuildFile; fileRef = 514F3C6B28C6B9E9007FAFE2 /* ViewController.m */; };
		514F3C6F28C6B9E9007FAFE2 /* Main.storyboard in Resources */ = {isa = PBXBuildFile; fileRef = 514F3C6D28C6B9E9007FAFE2 /* Main.storyboard */; };
		514F3C7128C6B9EA007FAFE2 /* Assets.xcassets in Resources */ = {isa = PBXBuildFile; fileRef = 514F3C7028C6B9EA007FAFE2 /* Assets.xcassets */; };
		514F3C7428C6B9EA007FAFE2 /* LaunchScreen.storyboard in Resources */ = {isa = PBXBuildFile; fileRef = 514F3C7228C6B9EA007FAFE2 /* LaunchScreen.storyboard */; };
		514F3C7728C6B9EA007FAFE2 /* main.m in Sources */ = {isa = PBXBuildFile; fileRef = 514F3C7628C6B9EA007FAFE2 /* main.m */; };
		514F3C8128C6B9EA007FAFE2 /* MustWatchTests.m in Sources */ = {isa = PBXBuildFile; fileRef = 514F3C8028C6B9EA007FAFE2 /* MustWatchTests.m */; };
		514F3C8B28C6B9EA007FAFE2 /* MustWatchUITests.m in Sources */ = {isa = PBXBuildFile; fileRef = 514F3C8A28C6B9EA007FAFE2 /* MustWatchUITests.m */; };
		514F3C8D28C6B9EA007FAFE2 /* MustWatchUITestsLaunchTests.m in Sources */ = {isa = PBXBuildFile; fileRef = 514F3C8C28C6B9EA007FAFE2 /* MustWatchUITestsLaunchTests.m */; };
		51EE4B4F28C6DB5700B5725C /* MoviesViewController.swift in Sources */ = {isa = PBXBuildFile; fileRef = 51EE4B4E28C6DB5700B5725C /* MoviesViewController.swift */; };
		51EE4B5428C6F9CE00B5725C /* MovieCell.swift in Sources */ = {isa = PBXBuildFile; fileRef = 51EE4B5328C6F9CE00B5725C /* MovieCell.swift */; };
		D04FC0B2EF8F861E73645AF8 /* Pods_MustWatch_MustWatchUITests.framework in Frameworks */ = {isa = PBXBuildFile; fileRef = 8F5FC622BD462CF9F54535CD /* Pods_MustWatch_MustWatchUITests.framework */; };
		E2E51C80E7EC8F38EA7D7B9D /* Pods_MustWatch.framework in Frameworks */ = {isa = PBXBuildFile; fileRef = 937B5F25CB3EFD178B8DD2F9 /* Pods_MustWatch.framework */; };
		E32564BA17B68921F8217BA3 /* Pods_MustWatchTests.framework in Frameworks */ = {isa = PBXBuildFile; fileRef = 53CE66201E538D93A66DDBC4 /* Pods_MustWatchTests.framework */; };
/* End PBXBuildFile section */

/* Begin PBXContainerItemProxy section */
		514F3C7D28C6B9EA007FAFE2 /* PBXContainerItemProxy */ = {
			isa = PBXContainerItemProxy;
			containerPortal = 514F3C5928C6B9E9007FAFE2 /* Project object */;
			proxyType = 1;
			remoteGlobalIDString = 514F3C6028C6B9E9007FAFE2;
			remoteInfo = MustWatch;
		};
		514F3C8728C6B9EA007FAFE2 /* PBXContainerItemProxy */ = {
			isa = PBXContainerItemProxy;
			containerPortal = 514F3C5928C6B9E9007FAFE2 /* Project object */;
			proxyType = 1;
			remoteGlobalIDString = 514F3C6028C6B9E9007FAFE2;
			remoteInfo = MustWatch;
		};
/* End PBXContainerItemProxy section */

/* Begin PBXFileReference section */
		44E9EC61225753590F8C14F7 /* Pods-MustWatchTests.debug.xcconfig */ = {isa = PBXFileReference; includeInIndex = 1; lastKnownFileType = text.xcconfig; name = "Pods-MustWatchTests.debug.xcconfig"; path = "Target Support Files/Pods-MustWatchTests/Pods-MustWatchTests.debug.xcconfig"; sourceTree = "<group>"; };
		50766673594D1F52164FF2D0 /* Pods-MustWatch.debug.xcconfig */ = {isa = PBXFileReference; includeInIndex = 1; lastKnownFileType = text.xcconfig; name = "Pods-MustWatch.debug.xcconfig"; path = "Target Support Files/Pods-MustWatch/Pods-MustWatch.debug.xcconfig"; sourceTree = "<group>"; };
		514F3C6128C6B9E9007FAFE2 /* MustWatch.app */ = {isa = PBXFileReference; explicitFileType = wrapper.application; includeInIndex = 0; path = MustWatch.app; sourceTree = BUILT_PRODUCTS_DIR; };
		514F3C6428C6B9E9007FAFE2 /* AppDelegate.h */ = {isa = PBXFileReference; lastKnownFileType = sourcecode.c.h; path = AppDelegate.h; sourceTree = "<group>"; };
		514F3C6528C6B9E9007FAFE2 /* AppDelegate.m */ = {isa = PBXFileReference; lastKnownFileType = sourcecode.c.objc; path = AppDelegate.m; sourceTree = "<group>"; };
		514F3C6728C6B9E9007FAFE2 /* SceneDelegate.h */ = {isa = PBXFileReference; lastKnownFileType = sourcecode.c.h; path = SceneDelegate.h; sourceTree = "<group>"; };
		514F3C6828C6B9E9007FAFE2 /* SceneDelegate.m */ = {isa = PBXFileReference; lastKnownFileType = sourcecode.c.objc; path = SceneDelegate.m; sourceTree = "<group>"; };
		514F3C6A28C6B9E9007FAFE2 /* ViewController.h */ = {isa = PBXFileReference; lastKnownFileType = sourcecode.c.h; path = ViewController.h; sourceTree = "<group>"; };
		514F3C6B28C6B9E9007FAFE2 /* ViewController.m */ = {isa = PBXFileReference; lastKnownFileType = sourcecode.c.objc; path = ViewController.m; sourceTree = "<group>"; };
		514F3C6E28C6B9E9007FAFE2 /* Base */ = {isa = PBXFileReference; lastKnownFileType = file.storyboard; name = Base; path = Base.lproj/Main.storyboard; sourceTree = "<group>"; };
		514F3C7028C6B9EA007FAFE2 /* Assets.xcassets */ = {isa = PBXFileReference; lastKnownFileType = folder.assetcatalog; path = Assets.xcassets; sourceTree = "<group>"; };
		514F3C7328C6B9EA007FAFE2 /* Base */ = {isa = PBXFileReference; lastKnownFileType = file.storyboard; name = Base; path = Base.lproj/LaunchScreen.storyboard; sourceTree = "<group>"; };
		514F3C7528C6B9EA007FAFE2 /* Info.plist */ = {isa = PBXFileReference; lastKnownFileType = text.plist.xml; path = Info.plist; sourceTree = "<group>"; };
		514F3C7628C6B9EA007FAFE2 /* main.m */ = {isa = PBXFileReference; lastKnownFileType = sourcecode.c.objc; path = main.m; sourceTree = "<group>"; };
		514F3C7C28C6B9EA007FAFE2 /* MustWatchTests.xctest */ = {isa = PBXFileReference; explicitFileType = wrapper.cfbundle; includeInIndex = 0; path = MustWatchTests.xctest; sourceTree = BUILT_PRODUCTS_DIR; };
		514F3C8028C6B9EA007FAFE2 /* MustWatchTests.m */ = {isa = PBXFileReference; lastKnownFileType = sourcecode.c.objc; path = MustWatchTests.m; sourceTree = "<group>"; };
		514F3C8628C6B9EA007FAFE2 /* MustWatchUITests.xctest */ = {isa = PBXFileReference; explicitFileType = wrapper.cfbundle; includeInIndex = 0; path = MustWatchUITests.xctest; sourceTree = BUILT_PRODUCTS_DIR; };
		514F3C8A28C6B9EA007FAFE2 /* MustWatchUITests.m */ = {isa = PBXFileReference; lastKnownFileType = sourcecode.c.objc; path = MustWatchUITests.m; sourceTree = "<group>"; };
		514F3C8C28C6B9EA007FAFE2 /* MustWatchUITestsLaunchTests.m */ = {isa = PBXFileReference; lastKnownFileType = sourcecode.c.objc; path = MustWatchUITestsLaunchTests.m; sourceTree = "<group>"; };
		51EE4B4E28C6DB5700B5725C /* MoviesViewController.swift */ = {isa = PBXFileReference; lastKnownFileType = sourcecode.swift; path = MoviesViewController.swift; sourceTree = "<group>"; };
		51EE4B5328C6F9CE00B5725C /* MovieCell.swift */ = {isa = PBXFileReference; lastKnownFileType = sourcecode.swift; path = MovieCell.swift; sourceTree = "<group>"; };
		53CE66201E538D93A66DDBC4 /* Pods_MustWatchTests.framework */ = {isa = PBXFileReference; explicitFileType = wrapper.framework; includeInIndex = 0; path = Pods_MustWatchTests.framework; sourceTree = BUILT_PRODUCTS_DIR; };
		59E35D6C704CC06FDF69D858 /* Pods-MustWatch.release.xcconfig */ = {isa = PBXFileReference; includeInIndex = 1; lastKnownFileType = text.xcconfig; name = "Pods-MustWatch.release.xcconfig"; path = "Target Support Files/Pods-MustWatch/Pods-MustWatch.release.xcconfig"; sourceTree = "<group>"; };
		7306C5CF7EEBE00E57458E09 /* Pods-MustWatch-MustWatchUITests.debug.xcconfig */ = {isa = PBXFileReference; includeInIndex = 1; lastKnownFileType = text.xcconfig; name = "Pods-MustWatch-MustWatchUITests.debug.xcconfig"; path = "Target Support Files/Pods-MustWatch-MustWatchUITests/Pods-MustWatch-MustWatchUITests.debug.xcconfig"; sourceTree = "<group>"; };
		82C5BAC551DA8CC49E164E62 /* Pods-MustWatch-MustWatchUITests.release.xcconfig */ = {isa = PBXFileReference; includeInIndex = 1; lastKnownFileType = text.xcconfig; name = "Pods-MustWatch-MustWatchUITests.release.xcconfig"; path = "Target Support Files/Pods-MustWatch-MustWatchUITests/Pods-MustWatch-MustWatchUITests.release.xcconfig"; sourceTree = "<group>"; };
		8F5FC622BD462CF9F54535CD /* Pods_MustWatch_MustWatchUITests.framework */ = {isa = PBXFileReference; explicitFileType = wrapper.framework; includeInIndex = 0; path = Pods_MustWatch_MustWatchUITests.framework; sourceTree = BUILT_PRODUCTS_DIR; };
		937B5F25CB3EFD178B8DD2F9 /* Pods_MustWatch.framework */ = {isa = PBXFileReference; explicitFileType = wrapper.framework; includeInIndex = 0; path = Pods_MustWatch.framework; sourceTree = BUILT_PRODUCTS_DIR; };
		B349BF27D0FF53587289B196 /* Pods-MustWatchTests.release.xcconfig */ = {isa = PBXFileReference; includeInIndex = 1; lastKnownFileType = text.xcconfig; name = "Pods-MustWatchTests.release.xcconfig"; path = "Target Support Files/Pods-MustWatchTests/Pods-MustWatchTests.release.xcconfig"; sourceTree = "<group>"; };
/* End PBXFileReference section */

/* Begin PBXFrameworksBuildPhase section */
		514F3C5E28C6B9E9007FAFE2 /* Frameworks */ = {
			isa = PBXFrameworksBuildPhase;
			buildActionMask = 2147483647;
			files = (
				E2E51C80E7EC8F38EA7D7B9D /* Pods_MustWatch.framework in Frameworks */,
			);
			runOnlyForDeploymentPostprocessing = 0;
		};
		514F3C7928C6B9EA007FAFE2 /* Frameworks */ = {
			isa = PBXFrameworksBuildPhase;
			buildActionMask = 2147483647;
			files = (
				E32564BA17B68921F8217BA3 /* Pods_MustWatchTests.framework in Frameworks */,
			);
			runOnlyForDeploymentPostprocessing = 0;
		};
		514F3C8328C6B9EA007FAFE2 /* Frameworks */ = {
			isa = PBXFrameworksBuildPhase;
			buildActionMask = 2147483647;
			files = (
				D04FC0B2EF8F861E73645AF8 /* Pods_MustWatch_MustWatchUITests.framework in Frameworks */,
			);
			runOnlyForDeploymentPostprocessing = 0;
		};
/* End PBXFrameworksBuildPhase section */

/* Begin PBXGroup section */
		514F3C5828C6B9E9007FAFE2 = {
			isa = PBXGroup;
			children = (
				514F3C6328C6B9E9007FAFE2 /* MustWatch */,
				514F3C7F28C6B9EA007FAFE2 /* MustWatchTests */,
				514F3C8928C6B9EA007FAFE2 /* MustWatchUITests */,
				514F3C6228C6B9E9007FAFE2 /* Products */,
				998B5E3713ED27C54F4FDD99 /* Pods */,
				7C9E895B6371FC8B3965E439 /* Frameworks */,
			);
			sourceTree = "<group>";
		};
		514F3C6228C6B9E9007FAFE2 /* Products */ = {
			isa = PBXGroup;
			children = (
				514F3C6128C6B9E9007FAFE2 /* MustWatch.app */,
				514F3C7C28C6B9EA007FAFE2 /* MustWatchTests.xctest */,
				514F3C8628C6B9EA007FAFE2 /* MustWatchUITests.xctest */,
			);
			name = Products;
			sourceTree = "<group>";
		};
		514F3C6328C6B9E9007FAFE2 /* MustWatch */ = {
			isa = PBXGroup;
			children = (
				514F3C6428C6B9E9007FAFE2 /* AppDelegate.h */,
				514F3C6528C6B9E9007FAFE2 /* AppDelegate.m */,
				514F3C6728C6B9E9007FAFE2 /* SceneDelegate.h */,
				514F3C6828C6B9E9007FAFE2 /* SceneDelegate.m */,
				514F3C6A28C6B9E9007FAFE2 /* ViewController.h */,
				514F3C6B28C6B9E9007FAFE2 /* ViewController.m */,
				514F3C6D28C6B9E9007FAFE2 /* Main.storyboard */,
				514F3C7028C6B9EA007FAFE2 /* Assets.xcassets */,
				514F3C7228C6B9EA007FAFE2 /* LaunchScreen.storyboard */,
				514F3C7528C6B9EA007FAFE2 /* Info.plist */,
				514F3C7628C6B9EA007FAFE2 /* main.m */,
				51EE4B4E28C6DB5700B5725C /* MoviesViewController.swift */,
				51EE4B5328C6F9CE00B5725C /* MovieCell.swift */,
			);
			path = MustWatch;
			sourceTree = "<group>";
		};
		514F3C7F28C6B9EA007FAFE2 /* MustWatchTests */ = {
			isa = PBXGroup;
			children = (
				514F3C8028C6B9EA007FAFE2 /* MustWatchTests.m */,
			);
			path = MustWatchTests;
			sourceTree = "<group>";
		};
		514F3C8928C6B9EA007FAFE2 /* MustWatchUITests */ = {
			isa = PBXGroup;
			children = (
				514F3C8A28C6B9EA007FAFE2 /* MustWatchUITests.m */,
				514F3C8C28C6B9EA007FAFE2 /* MustWatchUITestsLaunchTests.m */,
			);
			path = MustWatchUITests;
			sourceTree = "<group>";
		};
		7C9E895B6371FC8B3965E439 /* Frameworks */ = {
			isa = PBXGroup;
			children = (
				937B5F25CB3EFD178B8DD2F9 /* Pods_MustWatch.framework */,
				8F5FC622BD462CF9F54535CD /* Pods_MustWatch_MustWatchUITests.framework */,
				53CE66201E538D93A66DDBC4 /* Pods_MustWatchTests.framework */,
			);
			name = Frameworks;
			sourceTree = "<group>";
		};
		998B5E3713ED27C54F4FDD99 /* Pods */ = {
			isa = PBXGroup;
			children = (
				50766673594D1F52164FF2D0 /* Pods-MustWatch.debug.xcconfig */,
				59E35D6C704CC06FDF69D858 /* Pods-MustWatch.release.xcconfig */,
				7306C5CF7EEBE00E57458E09 /* Pods-MustWatch-MustWatchUITests.debug.xcconfig */,
				82C5BAC551DA8CC49E164E62 /* Pods-MustWatch-MustWatchUITests.release.xcconfig */,
				44E9EC61225753590F8C14F7 /* Pods-MustWatchTests.debug.xcconfig */,
				B349BF27D0FF53587289B196 /* Pods-MustWatchTests.release.xcconfig */,
			);
			name = Pods;
			path = Pods;
			sourceTree = "<group>";
		};
/* End PBXGroup section */

/* Begin PBXNativeTarget section */
		514F3C6028C6B9E9007FAFE2 /* MustWatch */ = {
			isa = PBXNativeTarget;
			buildConfigurationList = 514F3C9028C6B9EA007FAFE2 /* Build configuration list for PBXNativeTarget "MustWatch" */;
			buildPhases = (
				8666C53B3FEC6D0E26DAD3C6 /* [CP] Check Pods Manifest.lock */,
				514F3C5D28C6B9E9007FAFE2 /* Sources */,
				514F3C5E28C6B9E9007FAFE2 /* Frameworks */,
				514F3C5F28C6B9E9007FAFE2 /* Resources */,
				D5A6A4F56CEF19898F434B70 /* [CP] Embed Pods Frameworks */,
			);
			buildRules = (
			);
			dependencies = (
			);
			name = MustWatch;
			productName = MustWatch;
			productReference = 514F3C6128C6B9E9007FAFE2 /* MustWatch.app */;
			productType = "com.apple.product-type.application";
		};
		514F3C7B28C6B9EA007FAFE2 /* MustWatchTests */ = {
			isa = PBXNativeTarget;
			buildConfigurationList = 514F3C9328C6B9EA007FAFE2 /* Build configuration list for PBXNativeTarget "MustWatchTests" */;
			buildPhases = (
				F66DFE65D2752BC94A3C068E /* [CP] Check Pods Manifest.lock */,
				514F3C7828C6B9EA007FAFE2 /* Sources */,
				514F3C7928C6B9EA007FAFE2 /* Frameworks */,
				514F3C7A28C6B9EA007FAFE2 /* Resources */,
			);
			buildRules = (
			);
			dependencies = (
				514F3C7E28C6B9EA007FAFE2 /* PBXTargetDependency */,
			);
			name = MustWatchTests;
			productName = MustWatchTests;
			productReference = 514F3C7C28C6B9EA007FAFE2 /* MustWatchTests.xctest */;
			productType = "com.apple.product-type.bundle.unit-test";
		};
		514F3C8528C6B9EA007FAFE2 /* MustWatchUITests */ = {
			isa = PBXNativeTarget;
			buildConfigurationList = 514F3C9628C6B9EA007FAFE2 /* Build configuration list for PBXNativeTarget "MustWatchUITests" */;
			buildPhases = (
				8E61CEEEAB927F95FEDF4181 /* [CP] Check Pods Manifest.lock */,
				514F3C8228C6B9EA007FAFE2 /* Sources */,
				514F3C8328C6B9EA007FAFE2 /* Frameworks */,
				514F3C8428C6B9EA007FAFE2 /* Resources */,
				2C506AE04D99EEB56AA088D6 /* [CP] Embed Pods Frameworks */,
			);
			buildRules = (
			);
			dependencies = (
				514F3C8828C6B9EA007FAFE2 /* PBXTargetDependency */,
			);
			name = MustWatchUITests;
			productName = MustWatchUITests;
			productReference = 514F3C8628C6B9EA007FAFE2 /* MustWatchUITests.xctest */;
			productType = "com.apple.product-type.bundle.ui-testing";
		};
/* End PBXNativeTarget section */

/* Begin PBXProject section */
		514F3C5928C6B9E9007FAFE2 /* Project object */ = {
			isa = PBXProject;
			attributes = {
				BuildIndependentTargetsInParallel = 1;
				LastUpgradeCheck = 1340;
				TargetAttributes = {
					514F3C6028C6B9E9007FAFE2 = {
						CreatedOnToolsVersion = 13.4.1;
						LastSwiftMigration = 1340;
					};
					514F3C7B28C6B9EA007FAFE2 = {
						CreatedOnToolsVersion = 13.4.1;
						TestTargetID = 514F3C6028C6B9E9007FAFE2;
					};
					514F3C8528C6B9EA007FAFE2 = {
						CreatedOnToolsVersion = 13.4.1;
						TestTargetID = 514F3C6028C6B9E9007FAFE2;
					};
				};
			};
			buildConfigurationList = 514F3C5C28C6B9E9007FAFE2 /* Build configuration list for PBXProject "MustWatch" */;
			compatibilityVersion = "Xcode 13.0";
			developmentRegion = en;
			hasScannedForEncodings = 0;
			knownRegions = (
				en,
				Base,
			);
			mainGroup = 514F3C5828C6B9E9007FAFE2;
			productRefGroup = 514F3C6228C6B9E9007FAFE2 /* Products */;
			projectDirPath = "";
			projectRoot = "";
			targets = (
				514F3C6028C6B9E9007FAFE2 /* MustWatch */,
				514F3C7B28C6B9EA007FAFE2 /* MustWatchTests */,
				514F3C8528C6B9EA007FAFE2 /* MustWatchUITests */,
			);
		};
/* End PBXProject section */

/* Begin PBXResourcesBuildPhase section */
		514F3C5F28C6B9E9007FAFE2 /* Resources */ = {
			isa = PBXResourcesBuildPhase;
			buildActionMask = 2147483647;
			files = (
				514F3C7428C6B9EA007FAFE2 /* LaunchScreen.storyboard in Resources */,
				514F3C7128C6B9EA007FAFE2 /* Assets.xcassets in Resources */,
				514F3C6F28C6B9E9007FAFE2 /* Main.storyboard in Resources */,
			);
			runOnlyForDeploymentPostprocessing = 0;
		};
		514F3C7A28C6B9EA007FAFE2 /* Resources */ = {
			isa = PBXResourcesBuildPhase;
			buildActionMask = 2147483647;
			files = (
			);
			runOnlyForDeploymentPostprocessing = 0;
		};
		514F3C8428C6B9EA007FAFE2 /* Resources */ = {
			isa = PBXResourcesBuildPhase;
			buildActionMask = 2147483647;
			files = (
			);
			runOnlyForDeploymentPostprocessing = 0;
		};
/* End PBXResourcesBuildPhase section */

/* Begin PBXShellScriptBuildPhase section */
		2C506AE04D99EEB56AA088D6 /* [CP] Embed Pods Frameworks */ = {
			isa = PBXShellScriptBuildPhase;
			buildActionMask = 2147483647;
			files = (
			);
			inputFileListPaths = (
				"${PODS_ROOT}/Target Support Files/Pods-MustWatch-MustWatchUITests/Pods-MustWatch-MustWatchUITests-frameworks-${CONFIGURATION}-input-files.xcfilelist",
			);
			name = "[CP] Embed Pods Frameworks";
			outputFileListPaths = (
				"${PODS_ROOT}/Target Support Files/Pods-MustWatch-MustWatchUITests/Pods-MustWatch-MustWatchUITests-frameworks-${CONFIGURATION}-output-files.xcfilelist",
			);
			runOnlyForDeploymentPostprocessing = 0;
			shellPath = /bin/sh;
			shellScript = "\"${PODS_ROOT}/Target Support Files/Pods-MustWatch-MustWatchUITests/Pods-MustWatch-MustWatchUITests-frameworks.sh\"\n";
			showEnvVarsInLog = 0;
		};
		8666C53B3FEC6D0E26DAD3C6 /* [CP] Check Pods Manifest.lock */ = {
			isa = PBXShellScriptBuildPhase;
			buildActionMask = 2147483647;
			files = (
			);
			inputFileListPaths = (
			);
			inputPaths = (
				"${PODS_PODFILE_DIR_PATH}/Podfile.lock",
				"${PODS_ROOT}/Manifest.lock",
			);
			name = "[CP] Check Pods Manifest.lock";
			outputFileListPaths = (
			);
			outputPaths = (
				"$(DERIVED_FILE_DIR)/Pods-MustWatch-checkManifestLockResult.txt",
			);
			runOnlyForDeploymentPostprocessing = 0;
			shellPath = /bin/sh;
			shellScript = "diff \"${PODS_PODFILE_DIR_PATH}/Podfile.lock\" \"${PODS_ROOT}/Manifest.lock\" > /dev/null\nif [ $? != 0 ] ; then\n    # print error to STDERR\n    echo \"error: The sandbox is not in sync with the Podfile.lock. Run 'pod install' or update your CocoaPods installation.\" >&2\n    exit 1\nfi\n# This output is used by Xcode 'outputs' to avoid re-running this script phase.\necho \"SUCCESS\" > \"${SCRIPT_OUTPUT_FILE_0}\"\n";
			showEnvVarsInLog = 0;
		};
		8E61CEEEAB927F95FEDF4181 /* [CP] Check Pods Manifest.lock */ = {
			isa = PBXShellScriptBuildPhase;
			buildActionMask = 2147483647;
			files = (
			);
			inputFileListPaths = (
			);
			inputPaths = (
				"${PODS_PODFILE_DIR_PATH}/Podfile.lock",
				"${PODS_ROOT}/Manifest.lock",
			);
			name = "[CP] Check Pods Manifest.lock";
			outputFileListPaths = (
			);
			outputPaths = (
				"$(DERIVED_FILE_DIR)/Pods-MustWatch-MustWatchUITests-checkManifestLockResult.txt",
			);
			runOnlyForDeploymentPostprocessing = 0;
			shellPath = /bin/sh;
			shellScript = "diff \"${PODS_PODFILE_DIR_PATH}/Podfile.lock\" \"${PODS_ROOT}/Manifest.lock\" > /dev/null\nif [ $? != 0 ] ; then\n    # print error to STDERR\n    echo \"error: The sandbox is not in sync with the Podfile.lock. Run 'pod install' or update your CocoaPods installation.\" >&2\n    exit 1\nfi\n# This output is used by Xcode 'outputs' to avoid re-running this script phase.\necho \"SUCCESS\" > \"${SCRIPT_OUTPUT_FILE_0}\"\n";
			showEnvVarsInLog = 0;
		};
		D5A6A4F56CEF19898F434B70 /* [CP] Embed Pods Frameworks */ = {
			isa = PBXShellScriptBuildPhase;
			buildActionMask = 2147483647;
			files = (
			);
			inputFileListPaths = (
				"${PODS_ROOT}/Target Support Files/Pods-MustWatch/Pods-MustWatch-frameworks-${CONFIGURATION}-input-files.xcfilelist",
			);
			name = "[CP] Embed Pods Frameworks";
			outputFileListPaths = (
				"${PODS_ROOT}/Target Support Files/Pods-MustWatch/Pods-MustWatch-frameworks-${CONFIGURATION}-output-files.xcfilelist",
			);
			runOnlyForDeploymentPostprocessing = 0;
			shellPath = /bin/sh;
			shellScript = "\"${PODS_ROOT}/Target Support Files/Pods-MustWatch/Pods-MustWatch-frameworks.sh\"\n";
			showEnvVarsInLog = 0;
		};
		F66DFE65D2752BC94A3C068E /* [CP] Check Pods Manifest.lock */ = {
			isa = PBXShellScriptBuildPhase;
			buildActionMask = 2147483647;
			files = (
			);
			inputFileListPaths = (
			);
			inputPaths = (
				"${PODS_PODFILE_DIR_PATH}/Podfile.lock",
				"${PODS_ROOT}/Manifest.lock",
			);
			name = "[CP] Check Pods Manifest.lock";
			outputFileListPaths = (
			);
			outputPaths = (
				"$(DERIVED_FILE_DIR)/Pods-MustWatchTests-checkManifestLockResult.txt",
			);
			runOnlyForDeploymentPostprocessing = 0;
			shellPath = /bin/sh;
			shellScript = "diff \"${PODS_PODFILE_DIR_PATH}/Podfile.lock\" \"${PODS_ROOT}/Manifest.lock\" > /dev/null\nif [ $? != 0 ] ; then\n    # print error to STDERR\n    echo \"error: The sandbox is not in sync with the Podfile.lock. Run 'pod install' or update your CocoaPods installation.\" >&2\n    exit 1\nfi\n# This output is used by Xcode 'outputs' to avoid re-running this script phase.\necho \"SUCCESS\" > \"${SCRIPT_OUTPUT_FILE_0}\"\n";
			showEnvVarsInLog = 0;
		};
/* End PBXShellScriptBuildPhase section */

/* Begin PBXSourcesBuildPhase section */
		514F3C5D28C6B9E9007FAFE2 /* Sources */ = {
			isa = PBXSourcesBuildPhase;
			buildActionMask = 2147483647;
			files = (
				514F3C6C28C6B9E9007FAFE2 /* ViewController.m in Sources */,
				51EE4B4F28C6DB5700B5725C /* MoviesViewController.swift in Sources */,
				51EE4B5428C6F9CE00B5725C /* MovieCell.swift in Sources */,
				514F3C6628C6B9E9007FAFE2 /* AppDelegate.m in Sources */,
				514F3C7728C6B9EA007FAFE2 /* main.m in Sources */,
				514F3C6928C6B9E9007FAFE2 /* SceneDelegate.m in Sources */,
			);
			runOnlyForDeploymentPostprocessing = 0;
		};
		514F3C7828C6B9EA007FAFE2 /* Sources */ = {
			isa = PBXSourcesBuildPhase;
			buildActionMask = 2147483647;
			files = (
				514F3C8128C6B9EA007FAFE2 /* MustWatchTests.m in Sources */,
			);
			runOnlyForDeploymentPostprocessing = 0;
		};
		514F3C8228C6B9EA007FAFE2 /* Sources */ = {
			isa = PBXSourcesBuildPhase;
			buildActionMask = 2147483647;
			files = (
				514F3C8B28C6B9EA007FAFE2 /* MustWatchUITests.m in Sources */,
				514F3C8D28C6B9EA007FAFE2 /* MustWatchUITestsLaunchTests.m in Sources */,
			);
			runOnlyForDeploymentPostprocessing = 0;
		};
/* End PBXSourcesBuildPhase section */

/* Begin PBXTargetDependency section */
		514F3C7E28C6B9EA007FAFE2 /* PBXTargetDependency */ = {
			isa = PBXTargetDependency;
			target = 514F3C6028C6B9E9007FAFE2 /* MustWatch */;
			targetProxy = 514F3C7D28C6B9EA007FAFE2 /* PBXContainerItemProxy */;
		};
		514F3C8828C6B9EA007FAFE2 /* PBXTargetDependency */ = {
			isa = PBXTargetDependency;
			target = 514F3C6028C6B9E9007FAFE2 /* MustWatch */;
			targetProxy = 514F3C8728C6B9EA007FAFE2 /* PBXContainerItemProxy */;
		};
/* End PBXTargetDependency section */

/* Begin PBXVariantGroup section */
		514F3C6D28C6B9E9007FAFE2 /* Main.storyboard */ = {
			isa = PBXVariantGroup;
			children = (
				514F3C6E28C6B9E9007FAFE2 /* Base */,
			);
			name = Main.storyboard;
			sourceTree = "<group>";
		};
		514F3C7228C6B9EA007FAFE2 /* LaunchScreen.storyboard */ = {
			isa = PBXVariantGroup;
			children = (
				514F3C7328C6B9EA007FAFE2 /* Base */,
			);
			name = LaunchScreen.storyboard;
			sourceTree = "<group>";
		};
/* End PBXVariantGroup section */

/* Begin XCBuildConfiguration section */
		514F3C8E28C6B9EA007FAFE2 /* Debug */ = {
			isa = XCBuildConfiguration;
			buildSettings = {
				ALWAYS_SEARCH_USER_PATHS = NO;
				CLANG_ANALYZER_NONNULL = YES;
				CLANG_ANALYZER_NUMBER_OBJECT_CONVERSION = YES_AGGRESSIVE;
				CLANG_CXX_LANGUAGE_STANDARD = "gnu++17";
				CLANG_ENABLE_MODULES = YES;
				CLANG_ENABLE_OBJC_ARC = YES;
				CLANG_ENABLE_OBJC_WEAK = YES;
				CLANG_WARN_BLOCK_CAPTURE_AUTORELEASING = YES;
				CLANG_WARN_BOOL_CONVERSION = YES;
				CLANG_WARN_COMMA = YES;
				CLANG_WARN_CONSTANT_CONVERSION = YES;
				CLANG_WARN_DEPRECATED_OBJC_IMPLEMENTATIONS = YES;
				CLANG_WARN_DIRECT_OBJC_ISA_USAGE = YES_ERROR;
				CLANG_WARN_DOCUMENTATION_COMMENTS = YES;
				CLANG_WARN_EMPTY_BODY = YES;
				CLANG_WARN_ENUM_CONVERSION = YES;
				CLANG_WARN_INFINITE_RECURSION = YES;
				CLANG_WARN_INT_CONVERSION = YES;
				CLANG_WARN_NON_LITERAL_NULL_CONVERSION = YES;
				CLANG_WARN_OBJC_IMPLICIT_RETAIN_SELF = YES;
				CLANG_WARN_OBJC_LITERAL_CONVERSION = YES;
				CLANG_WARN_OBJC_ROOT_CLASS = YES_ERROR;
				CLANG_WARN_QUOTED_INCLUDE_IN_FRAMEWORK_HEADER = YES;
				CLANG_WARN_RANGE_LOOP_ANALYSIS = YES;
				CLANG_WARN_STRICT_PROTOTYPES = YES;
				CLANG_WARN_SUSPICIOUS_MOVE = YES;
				CLANG_WARN_UNGUARDED_AVAILABILITY = YES_AGGRESSIVE;
				CLANG_WARN_UNREACHABLE_CODE = YES;
				CLANG_WARN__DUPLICATE_METHOD_MATCH = YES;
				COPY_PHASE_STRIP = NO;
				DEBUG_INFORMATION_FORMAT = dwarf;
				ENABLE_STRICT_OBJC_MSGSEND = YES;
				ENABLE_TESTABILITY = YES;
				GCC_C_LANGUAGE_STANDARD = gnu11;
				GCC_DYNAMIC_NO_PIC = NO;
				GCC_NO_COMMON_BLOCKS = YES;
				GCC_OPTIMIZATION_LEVEL = 0;
				GCC_PREPROCESSOR_DEFINITIONS = (
					"DEBUG=1",
					"$(inherited)",
				);
				GCC_WARN_64_TO_32_BIT_CONVERSION = YES;
				GCC_WARN_ABOUT_RETURN_TYPE = YES_ERROR;
				GCC_WARN_UNDECLARED_SELECTOR = YES;
				GCC_WARN_UNINITIALIZED_AUTOS = YES_AGGRESSIVE;
				GCC_WARN_UNUSED_FUNCTION = YES;
				GCC_WARN_UNUSED_VARIABLE = YES;
				IPHONEOS_DEPLOYMENT_TARGET = 15.5;
				MTL_ENABLE_DEBUG_INFO = INCLUDE_SOURCE;
				MTL_FAST_MATH = YES;
				ONLY_ACTIVE_ARCH = YES;
				SDKROOT = iphoneos;
			};
			name = Debug;
		};
		514F3C8F28C6B9EA007FAFE2 /* Release */ = {
			isa = XCBuildConfiguration;
			buildSettings = {
				ALWAYS_SEARCH_USER_PATHS = NO;
				CLANG_ANALYZER_NONNULL = YES;
				CLANG_ANALYZER_NUMBER_OBJECT_CONVERSION = YES_AGGRESSIVE;
				CLANG_CXX_LANGUAGE_STANDARD = "gnu++17";
				CLANG_ENABLE_MODULES = YES;
				CLANG_ENABLE_OBJC_ARC = YES;
				CLANG_ENABLE_OBJC_WEAK = YES;
				CLANG_WARN_BLOCK_CAPTURE_AUTORELEASING = YES;
				CLANG_WARN_BOOL_CONVERSION = YES;
				CLANG_WARN_COMMA = YES;
				CLANG_WARN_CONSTANT_CONVERSION = YES;
				CLANG_WARN_DEPRECATED_OBJC_IMPLEMENTATIONS = YES;
				CLANG_WARN_DIRECT_OBJC_ISA_USAGE = YES_ERROR;
				CLANG_WARN_DOCUMENTATION_COMMENTS = YES;
				CLANG_WARN_EMPTY_BODY = YES;
				CLANG_WARN_ENUM_CONVERSION = YES;
				CLANG_WARN_INFINITE_RECURSION = YES;
				CLANG_WARN_INT_CONVERSION = YES;
				CLANG_WARN_NON_LITERAL_NULL_CONVERSION = YES;
				CLANG_WARN_OBJC_IMPLICIT_RETAIN_SELF = YES;
				CLANG_WARN_OBJC_LITERAL_CONVERSION = YES;
				CLANG_WARN_OBJC_ROOT_CLASS = YES_ERROR;
				CLANG_WARN_QUOTED_INCLUDE_IN_FRAMEWORK_HEADER = YES;
				CLANG_WARN_RANGE_LOOP_ANALYSIS = YES;
				CLANG_WARN_STRICT_PROTOTYPES = YES;
				CLANG_WARN_SUSPICIOUS_MOVE = YES;
				CLANG_WARN_UNGUARDED_AVAILABILITY = YES_AGGRESSIVE;
				CLANG_WARN_UNREACHABLE_CODE = YES;
				CLANG_WARN__DUPLICATE_METHOD_MATCH = YES;
				COPY_PHASE_STRIP = NO;
				DEBUG_INFORMATION_FORMAT = "dwarf-with-dsym";
				ENABLE_NS_ASSERTIONS = NO;
				ENABLE_STRICT_OBJC_MSGSEND = YES;
				GCC_C_LANGUAGE_STANDARD = gnu11;
				GCC_NO_COMMON_BLOCKS = YES;
				GCC_WARN_64_TO_32_BIT_CONVERSION = YES;
				GCC_WARN_ABOUT_RETURN_TYPE = YES_ERROR;
				GCC_WARN_UNDECLARED_SELECTOR = YES;
				GCC_WARN_UNINITIALIZED_AUTOS = YES_AGGRESSIVE;
				GCC_WARN_UNUSED_FUNCTION = YES;
				GCC_WARN_UNUSED_VARIABLE = YES;
				IPHONEOS_DEPLOYMENT_TARGET = 15.5;
				MTL_ENABLE_DEBUG_INFO = NO;
				MTL_FAST_MATH = YES;
				SDKROOT = iphoneos;
				VALIDATE_PRODUCT = YES;
			};
			name = Release;
		};
		514F3C9128C6B9EA007FAFE2 /* Debug */ = {
			isa = XCBuildConfiguration;
			baseConfigurationReference = 50766673594D1F52164FF2D0 /* Pods-MustWatch.debug.xcconfig */;
			buildSettings = {
				ASSETCATALOG_COMPILER_APPICON_NAME = AppIcon;
				ASSETCATALOG_COMPILER_GLOBAL_ACCENT_COLOR_NAME = AccentColor;
				CLANG_ENABLE_MODULES = YES;
				CODE_SIGN_STYLE = Automatic;
				CURRENT_PROJECT_VERSION = 1;
				DEVELOPMENT_TEAM = QBXZT8S774;
				GENERATE_INFOPLIST_FILE = YES;
				INFOPLIST_FILE = MustWatch/Info.plist;
				INFOPLIST_KEY_UIApplicationSupportsIndirectInputEvents = YES;
				INFOPLIST_KEY_UILaunchStoryboardName = LaunchScreen;
				INFOPLIST_KEY_UIMainStoryboardFile = Main;
				INFOPLIST_KEY_UISupportedInterfaceOrientations = "UIInterfaceOrientationPortrait UIInterfaceOrientationLandscapeLeft UIInterfaceOrientationLandscapeRight";
				INFOPLIST_KEY_UISupportedInterfaceOrientations_iPad = "UIInterfaceOrientationPortrait UIInterfaceOrientationPortraitUpsideDown UIInterfaceOrientationLandscapeLeft UIInterfaceOrientationLandscapeRight";
				INFOPLIST_KEY_UISupportedInterfaceOrientations_iPhone = "UIInterfaceOrientationPortrait UIInterfaceOrientationLandscapeLeft UIInterfaceOrientationLandscapeRight";
				LD_RUNPATH_SEARCH_PATHS = (
					"$(inherited)",
					"@executable_path/Frameworks",
				);
				MARKETING_VERSION = 1.0;
				PRODUCT_BUNDLE_IDENTIFIER = com.codepth.MustWatch;
				PRODUCT_NAME = "$(TARGET_NAME)";
				SWIFT_EMIT_LOC_STRINGS = YES;
				SWIFT_OBJC_BRIDGING_HEADER = "";
				SWIFT_OPTIMIZATION_LEVEL = "-Onone";
				SWIFT_VERSION = 5.0;
				TARGETED_DEVICE_FAMILY = "1,2";
			};
			name = Debug;
		};
		514F3C9228C6B9EA007FAFE2 /* Release */ = {
			isa = XCBuildConfiguration;
			baseConfigurationReference = 59E35D6C704CC06FDF69D858 /* Pods-MustWatch.release.xcconfig */;
			buildSettings = {
				ASSETCATALOG_COMPILER_APPICON_NAME = AppIcon;
				ASSETCATALOG_COMPILER_GLOBAL_ACCENT_COLOR_NAME = AccentColor;
				CLANG_ENABLE_MODULES = YES;
				CODE_SIGN_STYLE = Automatic;
				CURRENT_PROJECT_VERSION = 1;
				DEVELOPMENT_TEAM = QBXZT8S774;
				GENERATE_INFOPLIST_FILE = YES;
				INFOPLIST_FILE = MustWatch/Info.plist;
				INFOPLIST_KEY_UIApplicationSupportsIndirectInputEvents = YES;
				INFOPLIST_KEY_UILaunchStoryboardName = LaunchScreen;
				INFOPLIST_KEY_UIMainStoryboardFile = Main;
				INFOPLIST_KEY_UISupportedInterfaceOrientations = "UIInterfaceOrientationPortrait UIInterfaceOrientationLandscapeLeft UIInterfaceOrientationLandscapeRight";
				INFOPLIST_KEY_UISupportedInterfaceOrientations_iPad = "UIInterfaceOrientationPortrait UIInterfaceOrientationPortraitUpsideDown UIInterfaceOrientationLandscapeLeft UIInterfaceOrientationLandscapeRight";
				INFOPLIST_KEY_UISupportedInterfaceOrientations_iPhone = "UIInterfaceOrientationPortrait UIInterfaceOrientationLandscapeLeft UIInterfaceOrientationLandscapeRight";
				LD_RUNPATH_SEARCH_PATHS = (
					"$(inherited)",
					"@executable_path/Frameworks",
				);
				MARKETING_VERSION = 1.0;
				PRODUCT_BUNDLE_IDENTIFIER = com.codepth.MustWatch;
				PRODUCT_NAME = "$(TARGET_NAME)";
				SWIFT_EMIT_LOC_STRINGS = YES;
				SWIFT_OBJC_BRIDGING_HEADER = "";
				SWIFT_VERSION = 5.0;
				TARGETED_DEVICE_FAMILY = "1,2";
			};
			name = Release;
		};
		514F3C9428C6B9EA007FAFE2 /* Debug */ = {
			isa = XCBuildConfiguration;
			baseConfigurationReference = 44E9EC61225753590F8C14F7 /* Pods-MustWatchTests.debug.xcconfig */;
			buildSettings = {
				ALWAYS_EMBED_SWIFT_STANDARD_LIBRARIES = YES;
				BUNDLE_LOADER = "$(TEST_HOST)";
				CODE_SIGN_STYLE = Automatic;
				CURRENT_PROJECT_VERSION = 1;
				DEVELOPMENT_TEAM = QBXZT8S774;
				GENERATE_INFOPLIST_FILE = YES;
				IPHONEOS_DEPLOYMENT_TARGET = 15.5;
				MARKETING_VERSION = 1.0;
				PRODUCT_BUNDLE_IDENTIFIER = com.codepth.MustWatchTests;
				PRODUCT_NAME = "$(TARGET_NAME)";
				SWIFT_EMIT_LOC_STRINGS = NO;
				TARGETED_DEVICE_FAMILY = "1,2";
				TEST_HOST = "$(BUILT_PRODUCTS_DIR)/MustWatch.app/MustWatch";
			};
			name = Debug;
		};
		514F3C9528C6B9EA007FAFE2 /* Release */ = {
			isa = XCBuildConfiguration;
			baseConfigurationReference = B349BF27D0FF53587289B196 /* Pods-MustWatchTests.release.xcconfig */;
			buildSettings = {
				ALWAYS_EMBED_SWIFT_STANDARD_LIBRARIES = YES;
				BUNDLE_LOADER = "$(TEST_HOST)";
				CODE_SIGN_STYLE = Automatic;
				CURRENT_PROJECT_VERSION = 1;
				DEVELOPMENT_TEAM = QBXZT8S774;
				GENERATE_INFOPLIST_FILE = YES;
				IPHONEOS_DEPLOYMENT_TARGET = 15.5;
				MARKETING_VERSION = 1.0;
				PRODUCT_BUNDLE_IDENTIFIER = com.codepth.MustWatchTests;
				PRODUCT_NAME = "$(TARGET_NAME)";
				SWIFT_EMIT_LOC_STRINGS = NO;
				TARGETED_DEVICE_FAMILY = "1,2";
				TEST_HOST = "$(BUILT_PRODUCTS_DIR)/MustWatch.app/MustWatch";
			};
			name = Release;
		};
		514F3C9728C6B9EA007FAFE2 /* Debug */ = {
			isa = XCBuildConfiguration;
			baseConfigurationReference = 7306C5CF7EEBE00E57458E09 /* Pods-MustWatch-MustWatchUITests.debug.xcconfig */;
			buildSettings = {
				ALWAYS_EMBED_SWIFT_STANDARD_LIBRARIES = YES;
				CODE_SIGN_STYLE = Automatic;
				CURRENT_PROJECT_VERSION = 1;
				DEVELOPMENT_TEAM = QBXZT8S774;
				GENERATE_INFOPLIST_FILE = YES;
				MARKETING_VERSION = 1.0;
				PRODUCT_BUNDLE_IDENTIFIER = com.codepth.MustWatchUITests;
				PRODUCT_NAME = "$(TARGET_NAME)";
				SWIFT_EMIT_LOC_STRINGS = NO;
				TARGETED_DEVICE_FAMILY = "1,2";
				TEST_TARGET_NAME = MustWatch;
			};
			name = Debug;
		};
		514F3C9828C6B9EA007FAFE2 /* Release */ = {
			isa = XCBuildConfiguration;
			baseConfigurationReference = 82C5BAC551DA8CC49E164E62 /* Pods-MustWatch-MustWatchUITests.release.xcconfig */;
			buildSettings = {
				ALWAYS_EMBED_SWIFT_STANDARD_LIBRARIES = YES;
				CODE_SIGN_STYLE = Automatic;
				CURRENT_PROJECT_VERSION = 1;
				DEVELOPMENT_TEAM = QBXZT8S774;
				GENERATE_INFOPLIST_FILE = YES;
				MARKETING_VERSION = 1.0;
				PRODUCT_BUNDLE_IDENTIFIER = com.codepth.MustWatchUITests;
				PRODUCT_NAME = "$(TARGET_NAME)";
				SWIFT_EMIT_LOC_STRINGS = NO;
				TARGETED_DEVICE_FAMILY = "1,2";
				TEST_TARGET_NAME = MustWatch;
			};
			name = Release;
		};
/* End XCBuildConfiguration section */

/* Begin XCConfigurationList section */
		514F3C5C28C6B9E9007FAFE2 /* Build configuration list for PBXProject "MustWatch" */ = {
			isa = XCConfigurationList;
			buildConfigurations = (
				514F3C8E28C6B9EA007FAFE2 /* Debug */,
				514F3C8F28C6B9EA007FAFE2 /* Release */,
			);
			defaultConfigurationIsVisible = 0;
			defaultConfigurationName = Release;
		};
		514F3C9028C6B9EA007FAFE2 /* Build configuration list for PBXNativeTarget "MustWatch" */ = {
			isa = XCConfigurationList;
			buildConfigurations = (
				514F3C9128C6B9EA007FAFE2 /* Debug */,
				514F3C9228C6B9EA007FAFE2 /* Release */,
			);
			defaultConfigurationIsVisible = 0;
			defaultConfigurationName = Release;
		};
		514F3C9328C6B9EA007FAFE2 /* Build configuration list for PBXNativeTarget "MustWatchTests" */ = {
			isa = XCConfigurationList;
			buildConfigurations = (
				514F3C9428C6B9EA007FAFE2 /* Debug */,
				514F3C9528C6B9EA007FAFE2 /* Release */,
			);
			defaultConfigurationIsVisible = 0;
			defaultConfigurationName = Release;
		};
		514F3C9628C6B9EA007FAFE2 /* Build configuration list for PBXNativeTarget "MustWatchUITests" */ = {
			isa = XCConfigurationList;
			buildConfigurations = (
				514F3C9728C6B9EA007FAFE2 /* Debug */,
				514F3C9828C6B9EA007FAFE2 /* Release */,
			);
			defaultConfigurationIsVisible = 0;
			defaultConfigurationName = Release;
		};
/* End XCConfigurationList section */
	};
	rootObject = 514F3C5928C6B9E9007FAFE2 /* Project object */;
}
